{
  "name": "passport-passwordless",
  "version": "0.0.2",
  "lockfileVersion": 1,
  "requires": true,
  "dependencies": {
    "base-x": {
      "version": "1.1.0",
      "resolved": "http://npm.queport.com/n3/repository/npm-all/base-x/-/base-x-1.1.0.tgz",
      "integrity": "sha1-QtPXF0dPnqAiB/bRqh9CaRPut6w="
    },
    "bs58": {
      "version": "3.1.0",
      "resolved": "http://npm.queport.com/n3/repository/npm-all/bs58/-/bs58-3.1.0.tgz",
      "integrity": "sha1-1MJjiL9IBMrHFBQbGUWqR+XrJI4=",
      "requires": {
        "base-x": "^1.1.0"
      }
    },
    "crypto": {
      "version": "0.0.3",
      "resolved": "http://npm.queport.com/n3/repository/npm-all/crypto/-/crypto-0.0.3.tgz",
      "integrity": "sha1-RwqBuGvkxe4XrMggeh9TFa4g27A="
    },
    "passport-strategy": {
      "version": "1.0.0",
      "resolved": "http://npm.queport.com/n3/repository/npm-all/passport-strategy/-/passport-strategy-1.0.0.tgz",
      "integrity": "sha1-tVOaqPwiWj0a0XlHbd8ja0QPUuQ="
    },
    "passwordless": {
      "version": "1.1.2",
      "resolved": "http://npm.queport.com/n3/repository/npm-all/passwordless/-/passwordless-1.1.2.tgz",
      "integrity": "sha1-Xel77KSa3EjthM9m9CJBS7C2TVg=",
      "requires": {
        "bs58": "^3.0.0"
      }
    },
    "passwordless-tokenstore": {
      "version": "0.0.10",
      "resolved": "http://npm.queport.com/n3/repository/npm-all/passwordless-tokenstore/-/passwordless-tokenstore-0.0.10.tgz",
      "integrity": "sha1-1aohlk0CgLM+N7LMaE0MuUQq1z0="
    },
    "underscore": {
      "version": "1.9.1",
      "resolved": "http://npm.queport.com/n3/repository/npm-all/underscore/-/underscore-1.9.1.tgz",
      "integrity": "sha512-5/4etnCkd9c8gwgowi5/om/mYO5ajCaOgdzj/oW+0eQV9WxKBDZw5+ycmKmeaTXjInS/W0BzpGLo2xR2aBwZdg=="
    }
  }
}
